
Microsoft Visual Studio Solution File, Format Version 11.00
# Visual Studio 2010
Project("{FAE04EC0-301F-11D3-BF4B-00C04F79EFBC}") = "Traveller", "Traveller\Traveller.csproj", "{953EFF47-27BF-41D1-A1D1-18490FADF70C}"
EndProject
Global
	GlobalSection(SolutionConfigurationPlatforms) = preSolution
		Debug|Any CPU = Debug|Any CPU
		Release|Any CPU = Release|Any CPU
	EndGlobalSection
	GlobalSection(ProjectConfigurationPlatforms) = postSolution
		{953EFF47-27BF-41D1-A1D1-18490FADF70C}.Debug|Any CPU.ActiveCfg = Debug|Any CPU
		{953EFF47-27BF-41D1-A1D1-18490FADF70C}.Debug|Any CPU.Build.0 = Debug|Any CPU
		{953EFF47-27BF-41D1-A1D1-18490FADF70C}.Release|Any CPU.ActiveCfg = Release|Any CPU
		{953EFF47-27BF-41D1-A1D1-18490FADF70C}.Release|Any CPU.Build.0 = Release|Any CPU
	EndGlobalSection
	GlobalSection(SolutionProperties) = preSolution
		HideSolutionNode = FALSE
	EndGlobalSection
EndGlobal
